// !$*UTF8*$!
{
	archiveVersion = 1;
	classes = {
	};
	objectVersion = 50;
	objects = {

/* Begin PBXBuildFile section */
		6D0F1A60215B979600A23976 /* LocationSearchViewController.swift in Sources */ = {isa = PBXBuildFile; fileRef = 6D0F1A5E215B979600A23976 /* LocationSearchViewController.swift */; };
		6D0F1A61215B979600A23976 /* LocationSearchViewController.xib in Resources */ = {isa = PBXBuildFile; fileRef = 6D0F1A5F215B979600A23976 /* LocationSearchViewController.xib */; };
		6D0F1A63215D0AD200A23976 /* SearchViewController.swift in Sources */ = {isa = PBXBuildFile; fileRef = 6D0F1A62215D0AD200A23976 /* SearchViewController.swift */; };
		6D0F1A66215E576800A23976 /* SearchResultViewController.swift in Sources */ = {isa = PBXBuildFile; fileRef = 6D0F1A64215E576800A23976 /* SearchResultViewController.swift */; };
		6D0F1A67215E576800A23976 /* SearchResultViewController.xib in Resources */ = {isa = PBXBuildFile; fileRef = 6D0F1A65215E576800A23976 /* SearchResultViewController.xib */; };
		6D188181215B2A4D006791E9 /* FindDistrictUtil.swift in Sources */ = {isa = PBXBuildFile; fileRef = 6D188180215B2A4D006791E9 /* FindDistrictUtil.swift */; };
		6D36D78B21590DC700F57487 /* BottomViewController.swift in Sources */ = {isa = PBXBuildFile; fileRef = 6D36D78921590DC700F57487 /* BottomViewController.swift */; };
		6D36D78C21590DC700F57487 /* BottomViewController.xib in Resources */ = {isa = PBXBuildFile; fileRef = 6D36D78A21590DC700F57487 /* BottomViewController.xib */; };
		6D51F125214560C2009FB0E2 /* MainViewController.swift in Sources */ = {isa = PBXBuildFile; fileRef = 6D51F122214560C2009FB0E2 /* MainViewController.swift */; };
		6D51F126214560C2009FB0E2 /* PresentedViewController.swift in Sources */ = {isa = PBXBuildFile; fileRef = 6D51F123214560C2009FB0E2 /* PresentedViewController.swift */; };
		6D51F127214560C2009FB0E2 /* SideMenuTableViewController.swift in Sources */ = {isa = PBXBuildFile; fileRef = 6D51F124214560C2009FB0E2 /* SideMenuTableViewController.swift */; };
		6D646ACC213A9C0A00A10152 /* map_pinup_custom@3x.png in Resources */ = {isa = PBXBuildFile; fileRef = 6D646AB0213A9C0A00A10152 /* map_pinup_custom@3x.png */; };
		6D646ACD213A9C0A00A10152 /* map_pin_custom.png in Resources */ = {isa = PBXBuildFile; fileRef = 6D646AB1213A9C0A00A10152 /* map_pin_custom.png */; };
		6D646ACE213A9C0A00A10152 /* shadow_balloon.png in Resources */ = {isa = PBXBuildFile; fileRef = 6D646AB2213A9C0A00A10152 /* shadow_balloon.png */; };
		6D646ACF213A9C0A00A10152 /* map_pinup.png in Resources */ = {isa = PBXBuildFile; fileRef = 6D646AB3213A9C0A00A10152 /* map_pinup.png */; };
		6D646AD0213A9C0A00A10152 /* detail_button.png in Resources */ = {isa = PBXBuildFile; fileRef = 6D646AB4213A9C0A00A10152 /* detail_button.png */; };
		6D646AD1213A9C0A00A10152 /* map_pin_custom@3x.png in Resources */ = {isa = PBXBuildFile; fileRef = 6D646AB5213A9C0A00A10152 /* map_pin_custom@3x.png */; };
		6D646AD2213A9C0A00A10152 /* map_pinup@3x.png in Resources */ = {isa = PBXBuildFile; fileRef = 6D646AB6213A9C0A00A10152 /* map_pinup@3x.png */; };
		6D646AD3213A9C0A00A10152 /* map_pin_shadow@3x.png in Resources */ = {isa = PBXBuildFile; fileRef = 6D646AB7213A9C0A00A10152 /* map_pin_shadow@3x.png */; };
		6D646AD4213A9C0A00A10152 /* copyright.png in Resources */ = {isa = PBXBuildFile; fileRef = 6D646AB8213A9C0A00A10152 /* copyright.png */; };
		6D646AD5213A9C0A00A10152 /* th_line.png in Resources */ = {isa = PBXBuildFile; fileRef = 6D646AB9213A9C0A00A10152 /* th_line.png */; };
		6D646AD6213A9C0A00A10152 /* map_pin_red@3x.png in Resources */ = {isa = PBXBuildFile; fileRef = 6D646ABA213A9C0A00A10152 /* map_pin_red@3x.png */; };
		6D646AD7213A9C0A00A10152 /* daum_copyright.png in Resources */ = {isa = PBXBuildFile; fileRef = 6D646ABB213A9C0A00A10152 /* daum_copyright.png */; };
		6D646AD8213A9C0A00A10152 /* map_pin@3x.png in Resources */ = {isa = PBXBuildFile; fileRef = 6D646ABC213A9C0A00A10152 /* map_pin@3x.png */; };
		6D646AD9213A9C0A00A10152 /* map_present_tracking.png in Resources */ = {isa = PBXBuildFile; fileRef = 6D646ABD213A9C0A00A10152 /* map_present_tracking.png */; };
		6D646ADA213A9C0A00A10152 /* map_pin_red.png in Resources */ = {isa = PBXBuildFile; fileRef = 6D646ABE213A9C0A00A10152 /* map_pin_red.png */; };
		6D646ADB213A9C0A00A10152 /* info_box.png in Resources */ = {isa = PBXBuildFile; fileRef = 6D646ABF213A9C0A00A10152 /* info_box.png */; };
		6D646ADC213A9C0A00A10152 /* point_sprite.png in Resources */ = {isa = PBXBuildFile; fileRef = 6D646AC0213A9C0A00A10152 /* point_sprite.png */; };
		6D646ADD213A9C0A00A10152 /* map_pinup_custom.png in Resources */ = {isa = PBXBuildFile; fileRef = 6D646AC1213A9C0A00A10152 /* map_pinup_custom.png */; };
		6D646ADE213A9C0A00A10152 /* info_box_tail.png in Resources */ = {isa = PBXBuildFile; fileRef = 6D646AC2213A9C0A00A10152 /* info_box_tail.png */; };
		6D646ADF213A9C0A00A10152 /* noimage256.png in Resources */ = {isa = PBXBuildFile; fileRef = 6D646AC3213A9C0A00A10152 /* noimage256.png */; };
		6D646AE0213A9C0A00A10152 /* map_present_direction.png in Resources */ = {isa = PBXBuildFile; fileRef = 6D646AC4213A9C0A00A10152 /* map_present_direction.png */; };
		6D646AE1213A9C0A00A10152 /* map_pin.png in Resources */ = {isa = PBXBuildFile; fileRef = 6D646AC5213A9C0A00A10152 /* map_pin.png */; };
		6D646AE2213A9C0A00A10152 /* map_present.png in Resources */ = {isa = PBXBuildFile; fileRef = 6D646AC6213A9C0A00A10152 /* map_present.png */; };
		6D646AE3213A9C0A00A10152 /* noimage.png in Resources */ = {isa = PBXBuildFile; fileRef = 6D646AC7213A9C0A00A10152 /* noimage.png */; };
		6D646AE4213A9C0A00A10152 /* map_present_background_update.png in Resources */ = {isa = PBXBuildFile; fileRef = 6D646AC8213A9C0A00A10152 /* map_present_background_update.png */; };
		6D646AE5213A9C0A00A10152 /* daum_th_line.png in Resources */ = {isa = PBXBuildFile; fileRef = 6D646AC9213A9C0A00A10152 /* daum_th_line.png */; };
		6D646AE6213A9C0A00A10152 /* map_pin_shadow.png in Resources */ = {isa = PBXBuildFile; fileRef = 6D646ACA213A9C0A00A10152 /* map_pin_shadow.png */; };
		6D6AC4D32160B22000641E70 /* PseudoHeaderTableViewCell.swift in Sources */ = {isa = PBXBuildFile; fileRef = 6D6AC4D22160B22000641E70 /* PseudoHeaderTableViewCell.swift */; };
		6D6AC4D52160B2F700641E70 /* CollapsibleTableViewVC.swift in Sources */ = {isa = PBXBuildFile; fileRef = 6D6AC4D42160B2F700641E70 /* CollapsibleTableViewVC.swift */; };
		6D6C4260214CD34E006B608D /* st.json in Resources */ = {isa = PBXBuildFile; fileRef = 6D6C425F214CD34E006B608D /* st.json */; };
		6D9218BF213A927900A24F22 /* AppDelegate.swift in Sources */ = {isa = PBXBuildFile; fileRef = 6D9218BE213A927900A24F22 /* AppDelegate.swift */; };
		6D9218C4213A927900A24F22 /* Main.storyboard in Resources */ = {isa = PBXBuildFile; fileRef = 6D9218C2213A927900A24F22 /* Main.storyboard */; };
		6D9218C7213A927900A24F22 /* daehung.xcdatamodeld in Sources */ = {isa = PBXBuildFile; fileRef = 6D9218C5213A927900A24F22 /* daehung.xcdatamodeld */; };
		6D9218C9213A927A00A24F22 /* Assets.xcassets in Resources */ = {isa = PBXBuildFile; fileRef = 6D9218C8213A927A00A24F22 /* Assets.xcassets */; };
		6D9218CC213A927A00A24F22 /* LaunchScreen.storyboard in Resources */ = {isa = PBXBuildFile; fileRef = 6D9218CA213A927A00A24F22 /* LaunchScreen.storyboard */; };
		6D921949213A932C00A24F22 /* OpenGLES.framework in Frameworks */ = {isa = PBXBuildFile; fileRef = 6D921948213A932C00A24F22 /* OpenGLES.framework */; };
		6D92194B213A933300A24F22 /* SystemConfiguration.framework in Frameworks */ = {isa = PBXBuildFile; fileRef = 6D92194A213A933300A24F22 /* SystemConfiguration.framework */; };
		6D92194D213A933900A24F22 /* CoreLocation.framework in Frameworks */ = {isa = PBXBuildFile; fileRef = 6D92194C213A933900A24F22 /* CoreLocation.framework */; };
		6D92194F213A933F00A24F22 /* QuartzCore.framework in Frameworks */ = {isa = PBXBuildFile; fileRef = 6D92194E213A933F00A24F22 /* QuartzCore.framework */; };
		6D921951213A934700A24F22 /* libstdc++.6.tbd in Frameworks */ = {isa = PBXBuildFile; fileRef = 6D921950213A934700A24F22 /* libstdc++.6.tbd */; };
		6D921953213A934D00A24F22 /* libxml2.tbd in Frameworks */ = {isa = PBXBuildFile; fileRef = 6D921952213A934D00A24F22 /* libxml2.tbd */; };
		6D921955213A935300A24F22 /* libsqlite3.tbd in Frameworks */ = {isa = PBXBuildFile; fileRef = 6D921954213A935300A24F22 /* libsqlite3.tbd */; };
		6D921978213A94AA00A24F22 /* DaumMapHeadrBring.m in Sources */ = {isa = PBXBuildFile; fileRef = 6D921977213A94AA00A24F22 /* DaumMapHeadrBring.m */; };
		ED64C5303746D7C9062715D7 /* Pods_daehung.framework in Frameworks */ = {isa = PBXBuildFile; fileRef = 5D223667DCFDA559E3D354DB /* Pods_daehung.framework */; };
/* End PBXBuildFile section */

/* Begin PBXFileReference section */
		5D223667DCFDA559E3D354DB /* Pods_daehung.framework */ = {isa = PBXFileReference; explicitFileType = wrapper.framework; includeInIndex = 0; path = Pods_daehung.framework; sourceTree = BUILT_PRODUCTS_DIR; };
		6D0F1A5E215B979600A23976 /* LocationSearchViewController.swift */ = {isa = PBXFileReference; lastKnownFileType = sourcecode.swift; path = LocationSearchViewController.swift; sourceTree = "<group>"; };
		6D0F1A5F215B979600A23976 /* LocationSearchViewController.xib */ = {isa = PBXFileReference; lastKnownFileType = file.xib; path = LocationSearchViewController.xib; sourceTree = "<group>"; };
		6D0F1A62215D0AD200A23976 /* SearchViewController.swift */ = {isa = PBXFileReference; lastKnownFileType = sourcecode.swift; path = SearchViewController.swift; sourceTree = "<group>"; };
		6D0F1A64215E576800A23976 /* SearchResultViewController.swift */ = {isa = PBXFileReference; lastKnownFileType = sourcecode.swift; path = SearchResultViewController.swift; sourceTree = "<group>"; };
		6D0F1A65215E576800A23976 /* SearchResultViewController.xib */ = {isa = PBXFileReference; lastKnownFileType = file.xib; path = SearchResultViewController.xib; sourceTree = "<group>"; };
		6D188180215B2A4D006791E9 /* FindDistrictUtil.swift */ = {isa = PBXFileReference; lastKnownFileType = sourcecode.swift; path = FindDistrictUtil.swift; sourceTree = "<group>"; };
		6D36D78921590DC700F57487 /* BottomViewController.swift */ = {isa = PBXFileReference; lastKnownFileType = sourcecode.swift; path = BottomViewController.swift; sourceTree = "<group>"; };
		6D36D78A21590DC700F57487 /* BottomViewController.xib */ = {isa = PBXFileReference; lastKnownFileType = file.xib; path = BottomViewController.xib; sourceTree = "<group>"; };
		6D51F122214560C2009FB0E2 /* MainViewController.swift */ = {isa = PBXFileReference; fileEncoding = 4; lastKnownFileType = sourcecode.swift; name = MainViewController.swift; path = ../../sidemenu/SideMenu/Example/MainViewController.swift; sourceTree = "<group>"; };
		6D51F123214560C2009FB0E2 /* PresentedViewController.swift */ = {isa = PBXFileReference; fileEncoding = 4; lastKnownFileType = sourcecode.swift; name = PresentedViewController.swift; path = ../../sidemenu/SideMenu/Example/PresentedViewController.swift; sourceTree = "<group>"; };
		6D51F124214560C2009FB0E2 /* SideMenuTableViewController.swift */ = {isa = PBXFileReference; fileEncoding = 4; lastKnownFileType = sourcecode.swift; name = SideMenuTableViewController.swift; path = ../../sidemenu/SideMenu/Example/SideMenuTableViewController.swift; sourceTree = "<group>"; };
		6D646AB0213A9C0A00A10152 /* map_pinup_custom@3x.png */ = {isa = PBXFileReference; lastKnownFileType = image.png; path = "map_pinup_custom@3x.png"; sourceTree = "<group>"; };
		6D646AB1213A9C0A00A10152 /* map_pin_custom.png */ = {isa = PBXFileReference; lastKnownFileType = image.png; path = map_pin_custom.png; sourceTree = "<group>"; };
		6D646AB2213A9C0A00A10152 /* shadow_balloon.png */ = {isa = PBXFileReference; lastKnownFileType = image.png; path = shadow_balloon.png; sourceTree = "<group>"; };
		6D646AB3213A9C0A00A10152 /* map_pinup.png */ = {isa = PBXFileReference; lastKnownFileType = image.png; path = map_pinup.png; sourceTree = "<group>"; };
		6D646AB4213A9C0A00A10152 /* detail_button.png */ = {isa = PBXFileReference; lastKnownFileType = image.png; path = detail_button.png; sourceTree = "<group>"; };
		6D646AB5213A9C0A00A10152 /* map_pin_custom@3x.png */ = {isa = PBXFileReference; lastKnownFileType = image.png; path = "map_pin_custom@3x.png"; sourceTree = "<group>"; };
		6D646AB6213A9C0A00A10152 /* map_pinup@3x.png */ = {isa = PBXFileReference; lastKnownFileType = image.png; path = "map_pinup@3x.png"; sourceTree = "<group>"; };
		6D646AB7213A9C0A00A10152 /* map_pin_shadow@3x.png */ = {isa = PBXFileReference; lastKnownFileType = image.png; path = "map_pin_shadow@3x.png"; sourceTree = "<group>"; };
		6D646AB8213A9C0A00A10152 /* copyright.png */ = {isa = PBXFileReference; lastKnownFileType = image.png; path = copyright.png; sourceTree = "<group>"; };
		6D646AB9213A9C0A00A10152 /* th_line.png */ = {isa = PBXFileReference; lastKnownFileType = image.png; path = th_line.png; sourceTree = "<group>"; };
		6D646ABA213A9C0A00A10152 /* map_pin_red@3x.png */ = {isa = PBXFileReference; lastKnownFileType = image.png; path = "map_pin_red@3x.png"; sourceTree = "<group>"; };
		6D646ABB213A9C0A00A10152 /* daum_copyright.png */ = {isa = PBXFileReference; lastKnownFileType = image.png; path = daum_copyright.png; sourceTree = "<group>"; };
		6D646ABC213A9C0A00A10152 /* map_pin@3x.png */ = {isa = PBXFileReference; lastKnownFileType = image.png; path = "map_pin@3x.png"; sourceTree = "<group>"; };
		6D646ABD213A9C0A00A10152 /* map_present_tracking.png */ = {isa = PBXFileReference; lastKnownFileType = image.png; path = map_present_tracking.png; sourceTree = "<group>"; };
		6D646ABE213A9C0A00A10152 /* map_pin_red.png */ = {isa = PBXFileReference; lastKnownFileType = image.png; path = map_pin_red.png; sourceTree = "<group>"; };
		6D646ABF213A9C0A00A10152 /* info_box.png */ = {isa = PBXFileReference; lastKnownFileType = image.png; path = info_box.png; sourceTree = "<group>"; };
		6D646AC0213A9C0A00A10152 /* point_sprite.png */ = {isa = PBXFileReference; lastKnownFileType = image.png; path = point_sprite.png; sourceTree = "<group>"; };
		6D646AC1213A9C0A00A10152 /* map_pinup_custom.png */ = {isa = PBXFileReference; lastKnownFileType = image.png; path = map_pinup_custom.png; sourceTree = "<group>"; };
		6D646AC2213A9C0A00A10152 /* info_box_tail.png */ = {isa = PBXFileReference; lastKnownFileType = image.png; path = info_box_tail.png; sourceTree = "<group>"; };
		6D646AC3213A9C0A00A10152 /* noimage256.png */ = {isa = PBXFileReference; lastKnownFileType = image.png; path = noimage256.png; sourceTree = "<group>"; };
		6D646AC4213A9C0A00A10152 /* map_present_direction.png */ = {isa = PBXFileReference; lastKnownFileType = image.png; path = map_present_direction.png; sourceTree = "<group>"; };
		6D646AC5213A9C0A00A10152 /* map_pin.png */ = {isa = PBXFileReference; lastKnownFileType = image.png; path = map_pin.png; sourceTree = "<group>"; };
		6D646AC6213A9C0A00A10152 /* map_present.png */ = {isa = PBXFileReference; lastKnownFileType = image.png; path = map_present.png; sourceTree = "<group>"; };
		6D646AC7213A9C0A00A10152 /* noimage.png */ = {isa = PBXFileReference; lastKnownFileType = image.png; path = noimage.png; sourceTree = "<group>"; };
		6D646AC8213A9C0A00A10152 /* map_present_background_update.png */ = {isa = PBXFileReference; lastKnownFileType = image.png; path = map_present_background_update.png; sourceTree = "<group>"; };
		6D646AC9213A9C0A00A10152 /* daum_th_line.png */ = {isa = PBXFileReference; lastKnownFileType = image.png; path = daum_th_line.png; sourceTree = "<group>"; };
		6D646ACA213A9C0A00A10152 /* map_pin_shadow.png */ = {isa = PBXFileReference; lastKnownFileType = image.png; path = map_pin_shadow.png; sourceTree = "<group>"; };
		6D646ACB213A9C0A00A10152 /* DaumMap.framework */ = {isa = PBXFileReference; lastKnownFileType = wrapper.framework; path = DaumMap.framework; sourceTree = "<group>"; };
		6D6AC4D22160B22000641E70 /* PseudoHeaderTableViewCell.swift */ = {isa = PBXFileReference; lastKnownFileType = sourcecode.swift; path = PseudoHeaderTableViewCell.swift; sourceTree = "<group>"; };
		6D6AC4D42160B2F700641E70 /* CollapsibleTableViewVC.swift */ = {isa = PBXFileReference; lastKnownFileType = sourcecode.swift; path = CollapsibleTableViewVC.swift; sourceTree = "<group>"; };
		6D6C425F214CD34E006B608D /* st.json */ = {isa = PBXFileReference; fileEncoding = 4; lastKnownFileType = text.json; name = st.json; path = ../../daehung_node/st.json; sourceTree = "<group>"; };
		6D6C5B55215B1EC600DB41FF /* SwiftyJSON.framework */ = {isa = PBXFileReference; explicitFileType = wrapper.framework; path = SwiftyJSON.framework; sourceTree = BUILT_PRODUCTS_DIR; };
		6D9218BB213A927900A24F22 /* daehung.app */ = {isa = PBXFileReference; explicitFileType = wrapper.application; includeInIndex = 0; path = daehung.app; sourceTree = BUILT_PRODUCTS_DIR; };
		6D9218BE213A927900A24F22 /* AppDelegate.swift */ = {isa = PBXFileReference; lastKnownFileType = sourcecode.swift; path = AppDelegate.swift; sourceTree = "<group>"; };
		6D9218C3213A927900A24F22 /* Base */ = {isa = PBXFileReference; lastKnownFileType = file.storyboard; name = Base; path = Base.lproj/Main.storyboard; sourceTree = "<group>"; };
		6D9218C6213A927900A24F22 /* daehung.xcdatamodel */ = {isa = PBXFileReference; lastKnownFileType = wrapper.xcdatamodel; path = daehung.xcdatamodel; sourceTree = "<group>"; };
		6D9218C8213A927A00A24F22 /* Assets.xcassets */ = {isa = PBXFileReference; lastKnownFileType = folder.assetcatalog; path = Assets.xcassets; sourceTree = "<group>"; };
		6D9218CB213A927A00A24F22 /* Base */ = {isa = PBXFileReference; lastKnownFileType = file.storyboard; name = Base; path = Base.lproj/LaunchScreen.storyboard; sourceTree = "<group>"; };
		6D9218CD213A927A00A24F22 /* Info.plist */ = {isa = PBXFileReference; lastKnownFileType = text.plist.xml; path = Info.plist; sourceTree = "<group>"; };
		6D921948213A932C00A24F22 /* OpenGLES.framework */ = {isa = PBXFileReference; lastKnownFileType = wrapper.framework; name = OpenGLES.framework; path = System/Library/Frameworks/OpenGLES.framework; sourceTree = SDKROOT; };
		6D92194A213A933300A24F22 /* SystemConfiguration.framework */ = {isa = PBXFileReference; lastKnownFileType = wrapper.framework; name = SystemConfiguration.framework; path = System/Library/Frameworks/SystemConfiguration.framework; sourceTree = SDKROOT; };
		6D92194C213A933900A24F22 /* CoreLocation.framework */ = {isa = PBXFileReference; lastKnownFileType = wrapper.framework; name = CoreLocation.framework; path = System/Library/Frameworks/CoreLocation.framework; sourceTree = SDKROOT; };
		6D92194E213A933F00A24F22 /* QuartzCore.framework */ = {isa = PBXFileReference; lastKnownFileType = wrapper.framework; name = QuartzCore.framework; path = System/Library/Frameworks/QuartzCore.framework; sourceTree = SDKROOT; };
		6D921950213A934700A24F22 /* libstdc++.6.tbd */ = {isa = PBXFileReference; lastKnownFileType = "sourcecode.text-based-dylib-definition"; name = "libstdc++.6.tbd"; path = "usr/lib/libstdc++.6.tbd"; sourceTree = SDKROOT; };
		6D921952213A934D00A24F22 /* libxml2.tbd */ = {isa = PBXFileReference; lastKnownFileType = "sourcecode.text-based-dylib-definition"; name = libxml2.tbd; path = usr/lib/libxml2.tbd; sourceTree = SDKROOT; };
		6D921954213A935300A24F22 /* libsqlite3.tbd */ = {isa = PBXFileReference; lastKnownFileType = "sourcecode.text-based-dylib-definition"; name = libsqlite3.tbd; path = usr/lib/libsqlite3.tbd; sourceTree = SDKROOT; };
		6D921959213A942100A24F22 /* map_pinup_custom@3x.png */ = {isa = PBXFileReference; lastKnownFileType = image.png; path = "map_pinup_custom@3x.png"; sourceTree = "<group>"; };
		6D92195A213A942100A24F22 /* map_pin_custom.png */ = {isa = PBXFileReference; lastKnownFileType = image.png; path = map_pin_custom.png; sourceTree = "<group>"; };
		6D92195B213A942100A24F22 /* shadow_balloon.png */ = {isa = PBXFileReference; lastKnownFileType = image.png; path = shadow_balloon.png; sourceTree = "<group>"; };
		6D92195C213A942100A24F22 /* map_pinup.png */ = {isa = PBXFileReference; lastKnownFileType = image.png; path = map_pinup.png; sourceTree = "<group>"; };
		6D92195D213A942100A24F22 /* detail_button.png */ = {isa = PBXFileReference; lastKnownFileType = image.png; path = detail_button.png; sourceTree = "<group>"; };
		6D92195E213A942100A24F22 /* map_pin_custom@3x.png */ = {isa = PBXFileReference; lastKnownFileType = image.png; path = "map_pin_custom@3x.png"; sourceTree = "<group>"; };
		6D92195F213A942100A24F22 /* map_pinup@3x.png */ = {isa = PBXFileReference; lastKnownFileType = image.png; path = "map_pinup@3x.png"; sourceTree = "<group>"; };
		6D921960213A942100A24F22 /* map_pin_shadow@3x.png */ = {isa = PBXFileReference; lastKnownFileType = image.png; path = "map_pin_shadow@3x.png"; sourceTree = "<group>"; };
		6D921961213A942100A24F22 /* copyright.png */ = {isa = PBXFileReference; lastKnownFileType = image.png; path = copyright.png; sourceTree = "<group>"; };
		6D921962213A942100A24F22 /* th_line.png */ = {isa = PBXFileReference; lastKnownFileType = image.png; path = th_line.png; sourceTree = "<group>"; };
		6D921963213A942100A24F22 /* map_pin_red@3x.png */ = {isa = PBXFileReference; lastKnownFileType = image.png; path = "map_pin_red@3x.png"; sourceTree = "<group>"; };
		6D921964213A942100A24F22 /* daum_copyright.png */ = {isa = PBXFileReference; lastKnownFileType = image.png; path = daum_copyright.png; sourceTree = "<group>"; };
		6D921965213A942100A24F22 /* map_pin@3x.png */ = {isa = PBXFileReference; lastKnownFileType = image.png; path = "map_pin@3x.png"; sourceTree = "<group>"; };
		6D921966213A942100A24F22 /* map_present_tracking.png */ = {isa = PBXFileReference; lastKnownFileType = image.png; path = map_present_tracking.png; sourceTree = "<group>"; };
		6D921967213A942100A24F22 /* map_pin_red.png */ = {isa = PBXFileReference; lastKnownFileType = image.png; path = map_pin_red.png; sourceTree = "<group>"; };
		6D921968213A942100A24F22 /* info_box.png */ = {isa = PBXFileReference; lastKnownFileType = image.png; path = info_box.png; sourceTree = "<group>"; };
		6D921969213A942100A24F22 /* point_sprite.png */ = {isa = PBXFileReference; lastKnownFileType = image.png; path = point_sprite.png; sourceTree = "<group>"; };
		6D92196A213A942100A24F22 /* map_pinup_custom.png */ = {isa = PBXFileReference; lastKnownFileType = image.png; path = map_pinup_custom.png; sourceTree = "<group>"; };
		6D92196B213A942100A24F22 /* info_box_tail.png */ = {isa = PBXFileReference; lastKnownFileType = image.png; path = info_box_tail.png; sourceTree = "<group>"; };
		6D92196C213A942100A24F22 /* noimage256.png */ = {isa = PBXFileReference; lastKnownFileType = image.png; path = noimage256.png; sourceTree = "<group>"; };
		6D92196D213A942100A24F22 /* map_present_direction.png */ = {isa = PBXFileReference; lastKnownFileType = image.png; path = map_present_direction.png; sourceTree = "<group>"; };
		6D92196E213A942100A24F22 /* map_pin.png */ = {isa = PBXFileReference; lastKnownFileType = image.png; path = map_pin.png; sourceTree = "<group>"; };
		6D92196F213A942100A24F22 /* map_present.png */ = {isa = PBXFileReference; lastKnownFileType = image.png; path = map_present.png; sourceTree = "<group>"; };
		6D921970213A942100A24F22 /* noimage.png */ = {isa = PBXFileReference; lastKnownFileType = image.png; path = noimage.png; sourceTree = "<group>"; };
		6D921971213A942100A24F22 /* map_present_background_update.png */ = {isa = PBXFileReference; lastKnownFileType = image.png; path = map_present_background_update.png; sourceTree = "<group>"; };
		6D921972213A942100A24F22 /* daum_th_line.png */ = {isa = PBXFileReference; lastKnownFileType = image.png; path = daum_th_line.png; sourceTree = "<group>"; };
		6D921973213A942100A24F22 /* map_pin_shadow.png */ = {isa = PBXFileReference; lastKnownFileType = image.png; path = map_pin_shadow.png; sourceTree = "<group>"; };
		6D921974213A942100A24F22 /* DaumMap.framework */ = {isa = PBXFileReference; lastKnownFileType = wrapper.framework; path = DaumMap.framework; sourceTree = "<group>"; };
		6D921976213A94A900A24F22 /* daehung-Bridging-Header.h */ = {isa = PBXFileReference; lastKnownFileType = sourcecode.c.h; path = "daehung-Bridging-Header.h"; sourceTree = "<group>"; };
		6D921977213A94AA00A24F22 /* DaumMapHeadrBring.m */ = {isa = PBXFileReference; lastKnownFileType = sourcecode.c.objc; path = DaumMapHeadrBring.m; sourceTree = "<group>"; };
		8FD1900C4740B89B9C896289 /* Pods-daehung.release.xcconfig */ = {isa = PBXFileReference; includeInIndex = 1; lastKnownFileType = text.xcconfig; name = "Pods-daehung.release.xcconfig"; path = "Pods/Target Support Files/Pods-daehung/Pods-daehung.release.xcconfig"; sourceTree = "<group>"; };
		BC740D8C0D9328E5E5872586 /* Pods-daehung.debug.xcconfig */ = {isa = PBXFileReference; includeInIndex = 1; lastKnownFileType = text.xcconfig; name = "Pods-daehung.debug.xcconfig"; path = "Pods/Target Support Files/Pods-daehung/Pods-daehung.debug.xcconfig"; sourceTree = "<group>"; };
/* End PBXFileReference section */

/* Begin PBXFrameworksBuildPhase section */
		6D9218B8213A927900A24F22 /* Frameworks */ = {
			isa = PBXFrameworksBuildPhase;
			buildActionMask = 2147483647;
			files = (
				6D921955213A935300A24F22 /* libsqlite3.tbd in Frameworks */,
				6D921953213A934D00A24F22 /* libxml2.tbd in Frameworks */,
				6D921951213A934700A24F22 /* libstdc++.6.tbd in Frameworks */,
				6D92194F213A933F00A24F22 /* QuartzCore.framework in Frameworks */,
				6D92194D213A933900A24F22 /* CoreLocation.framework in Frameworks */,
				6D92194B213A933300A24F22 /* SystemConfiguration.framework in Frameworks */,
				6D921949213A932C00A24F22 /* OpenGLES.framework in Frameworks */,
				ED64C5303746D7C9062715D7 /* Pods_daehung.framework in Frameworks */,
			);
			runOnlyForDeploymentPostprocessing = 0;
		};
/* End PBXFrameworksBuildPhase section */

/* Begin PBXGroup section */
		6D646AAE213A9C0A00A10152 /* DaumMap.embeddedframework */ = {
			isa = PBXGroup;
			children = (
				6D646AAF213A9C0A00A10152 /* Resources */,
				6D646ACB213A9C0A00A10152 /* DaumMap.framework */,
			);
			name = DaumMap.embeddedframework;
			path = ../../Downloads/IOS_DaumMap_SDK_1.3.0/lib/DaumMap.embeddedframework;
			sourceTree = "<group>";
		};
		6D646AAF213A9C0A00A10152 /* Resources */ = {
			isa = PBXGroup;
			children = (
				6D646AB0213A9C0A00A10152 /* map_pinup_custom@3x.png */,
				6D646AB1213A9C0A00A10152 /* map_pin_custom.png */,
				6D646AB2213A9C0A00A10152 /* shadow_balloon.png */,
				6D646AB3213A9C0A00A10152 /* map_pinup.png */,
				6D646AB4213A9C0A00A10152 /* detail_button.png */,
				6D646AB5213A9C0A00A10152 /* map_pin_custom@3x.png */,
				6D646AB6213A9C0A00A10152 /* map_pinup@3x.png */,
				6D646AB7213A9C0A00A10152 /* map_pin_shadow@3x.png */,
				6D646AB8213A9C0A00A10152 /* copyright.png */,
				6D646AB9213A9C0A00A10152 /* th_line.png */,
				6D646ABA213A9C0A00A10152 /* map_pin_red@3x.png */,
				6D646ABB213A9C0A00A10152 /* daum_copyright.png */,
				6D646ABC213A9C0A00A10152 /* map_pin@3x.png */,
				6D646ABD213A9C0A00A10152 /* map_present_tracking.png */,
				6D646ABE213A9C0A00A10152 /* map_pin_red.png */,
				6D646ABF213A9C0A00A10152 /* info_box.png */,
				6D646AC0213A9C0A00A10152 /* point_sprite.png */,
				6D646AC1213A9C0A00A10152 /* map_pinup_custom.png */,
				6D646AC2213A9C0A00A10152 /* info_box_tail.png */,
				6D646AC3213A9C0A00A10152 /* noimage256.png */,
				6D646AC4213A9C0A00A10152 /* map_present_direction.png */,
				6D646AC5213A9C0A00A10152 /* map_pin.png */,
				6D646AC6213A9C0A00A10152 /* map_present.png */,
				6D646AC7213A9C0A00A10152 /* noimage.png */,
				6D646AC8213A9C0A00A10152 /* map_present_background_update.png */,
				6D646AC9213A9C0A00A10152 /* daum_th_line.png */,
				6D646ACA213A9C0A00A10152 /* map_pin_shadow.png */,
			);
			path = Resources;
			sourceTree = "<group>";
		};
		6D9218B2213A927900A24F22 = {
			isa = PBXGroup;
			children = (
				6D646AAE213A9C0A00A10152 /* DaumMap.embeddedframework */,
				6D9218BD213A927900A24F22 /* daehung */,
				6D9218BC213A927900A24F22 /* Products */,
				6D921947213A932C00A24F22 /* Frameworks */,
				C3635911C76A67D06D618E2E /* Pods */,
			);
			sourceTree = "<group>";
		};
		6D9218BC213A927900A24F22 /* Products */ = {
			isa = PBXGroup;
			children = (
				6D9218BB213A927900A24F22 /* daehung.app */,
			);
			name = Products;
			sourceTree = "<group>";
		};
		6D9218BD213A927900A24F22 /* daehung */ = {
			isa = PBXGroup;
			children = (
				6D9218BE213A927900A24F22 /* AppDelegate.swift */,
				6D6C425F214CD34E006B608D /* st.json */,
				6D9218C2213A927900A24F22 /* Main.storyboard */,
				6D9218C8213A927A00A24F22 /* Assets.xcassets */,
				6D9218CA213A927A00A24F22 /* LaunchScreen.storyboard */,
				6D9218CD213A927A00A24F22 /* Info.plist */,
				6D51F122214560C2009FB0E2 /* MainViewController.swift */,
				6D51F123214560C2009FB0E2 /* PresentedViewController.swift */,
				6D51F124214560C2009FB0E2 /* SideMenuTableViewController.swift */,
				6D9218C5213A927900A24F22 /* daehung.xcdatamodeld */,
				6D921977213A94AA00A24F22 /* DaumMapHeadrBring.m */,
				6D921976213A94A900A24F22 /* daehung-Bridging-Header.h */,
				6D36D78921590DC700F57487 /* BottomViewController.swift */,
				6D36D78A21590DC700F57487 /* BottomViewController.xib */,
				6D188180215B2A4D006791E9 /* FindDistrictUtil.swift */,
				6D0F1A5E215B979600A23976 /* LocationSearchViewController.swift */,
				6D0F1A5F215B979600A23976 /* LocationSearchViewController.xib */,
				6D0F1A62215D0AD200A23976 /* SearchViewController.swift */,
				6D0F1A64215E576800A23976 /* SearchResultViewController.swift */,
				6D0F1A65215E576800A23976 /* SearchResultViewController.xib */,
				6D6AC4D22160B22000641E70 /* PseudoHeaderTableViewCell.swift */,
				6D6AC4D42160B2F700641E70 /* CollapsibleTableViewVC.swift */,
			);
			path = daehung;
			sourceTree = "<group>";
		};
		6D921947213A932C00A24F22 /* Frameworks */ = {
			isa = PBXGroup;
			children = (
				6D6C5B55215B1EC600DB41FF /* SwiftyJSON.framework */,
				6D921957213A942100A24F22 /* DaumMap.embeddedframework */,
				6D921954213A935300A24F22 /* libsqlite3.tbd */,
				6D921952213A934D00A24F22 /* libxml2.tbd */,
				6D921950213A934700A24F22 /* libstdc++.6.tbd */,
				6D92194E213A933F00A24F22 /* QuartzCore.framework */,
				6D92194C213A933900A24F22 /* CoreLocation.framework */,
				6D92194A213A933300A24F22 /* SystemConfiguration.framework */,
				6D921948213A932C00A24F22 /* OpenGLES.framework */,
				5D223667DCFDA559E3D354DB /* Pods_daehung.framework */,
			);
			name = Frameworks;
			sourceTree = "<group>";
		};
		6D921957213A942100A24F22 /* DaumMap.embeddedframework */ = {
			isa = PBXGroup;
			children = (
				6D921958213A942100A24F22 /* Resources */,
				6D921974213A942100A24F22 /* DaumMap.framework */,
			);
			path = DaumMap.embeddedframework;
			sourceTree = "<group>";
		};
		6D921958213A942100A24F22 /* Resources */ = {
			isa = PBXGroup;
			children = (
				6D921959213A942100A24F22 /* map_pinup_custom@3x.png */,
				6D92195A213A942100A24F22 /* map_pin_custom.png */,
				6D92195B213A942100A24F22 /* shadow_balloon.png */,
				6D92195C213A942100A24F22 /* map_pinup.png */,
				6D92195D213A942100A24F22 /* detail_button.png */,
				6D92195E213A942100A24F22 /* map_pin_custom@3x.png */,
				6D92195F213A942100A24F22 /* map_pinup@3x.png */,
				6D921960213A942100A24F22 /* map_pin_shadow@3x.png */,
				6D921961213A942100A24F22 /* copyright.png */,
				6D921962213A942100A24F22 /* th_line.png */,
				6D921963213A942100A24F22 /* map_pin_red@3x.png */,
				6D921964213A942100A24F22 /* daum_copyright.png */,
				6D921965213A942100A24F22 /* map_pin@3x.png */,
				6D921966213A942100A24F22 /* map_present_tracking.png */,
				6D921967213A942100A24F22 /* map_pin_red.png */,
				6D921968213A942100A24F22 /* info_box.png */,
				6D921969213A942100A24F22 /* point_sprite.png */,
				6D92196A213A942100A24F22 /* map_pinup_custom.png */,
				6D92196B213A942100A24F22 /* info_box_tail.png */,
				6D92196C213A942100A24F22 /* noimage256.png */,
				6D92196D213A942100A24F22 /* map_present_direction.png */,
				6D92196E213A942100A24F22 /* map_pin.png */,
				6D92196F213A942100A24F22 /* map_present.png */,
				6D921970213A942100A24F22 /* noimage.png */,
				6D921971213A942100A24F22 /* map_present_background_update.png */,
				6D921972213A942100A24F22 /* daum_th_line.png */,
				6D921973213A942100A24F22 /* map_pin_shadow.png */,
			);
			path = Resources;
			sourceTree = "<group>";
		};
		C3635911C76A67D06D618E2E /* Pods */ = {
			isa = PBXGroup;
			children = (
				BC740D8C0D9328E5E5872586 /* Pods-daehung.debug.xcconfig */,
				8FD1900C4740B89B9C896289 /* Pods-daehung.release.xcconfig */,
			);
			name = Pods;
			sourceTree = "<group>";
		};
/* End PBXGroup section */

/* Begin PBXNativeTarget section */
		6D9218BA213A927900A24F22 /* daehung */ = {
			isa = PBXNativeTarget;
			buildConfigurationList = 6D9218D0213A927A00A24F22 /* Build configuration list for PBXNativeTarget "daehung" */;
			buildPhases = (
				451A33A2F1658DD938D19B38 /* [CP] Check Pods Manifest.lock */,
				6D9218B7213A927900A24F22 /* Sources */,
				6D9218B8213A927900A24F22 /* Frameworks */,
				6D9218B9213A927900A24F22 /* Resources */,
				FB2F6C58D3EFD0757CB2CA9C /* [CP] Embed Pods Frameworks */,
				9DF3ECC0767A63313B56CFDE /* [CP] Copy Pods Resources */,
			);
			buildRules = (
			);
			dependencies = (
			);
			name = daehung;
			productName = daehung;
			productReference = 6D9218BB213A927900A24F22 /* daehung.app */;
			productType = "com.apple.product-type.application";
		};
/* End PBXNativeTarget section */

/* Begin PBXProject section */
		6D9218B3213A927900A24F22 /* Project object */ = {
			isa = PBXProject;
			attributes = {
				LastSwiftUpdateCheck = 0940;
				LastUpgradeCheck = 0940;
				ORGANIZATIONNAME = "유상현";
				TargetAttributes = {
					6D9218BA213A927900A24F22 = {
						CreatedOnToolsVersion = 9.4.1;
						LastSwiftMigration = 0940;
					};
				};
			};
			buildConfigurationList = 6D9218B6213A927900A24F22 /* Build configuration list for PBXProject "daehung" */;
			compatibilityVersion = "Xcode 9.3";
			developmentRegion = en;
			hasScannedForEncodings = 0;
			knownRegions = (
				en,
				Base,
			);
			mainGroup = 6D9218B2213A927900A24F22;
			productRefGroup = 6D9218BC213A927900A24F22 /* Products */;
			projectDirPath = "";
			projectRoot = "";
			targets = (
				6D9218BA213A927900A24F22 /* daehung */,
			);
		};
/* End PBXProject section */

/* Begin PBXResourcesBuildPhase section */
		6D9218B9213A927900A24F22 /* Resources */ = {
			isa = PBXResourcesBuildPhase;
			buildActionMask = 2147483647;
			files = (
				6D646AE2213A9C0A00A10152 /* map_present.png in Resources */,
				6D646AD8213A9C0A00A10152 /* map_pin@3x.png in Resources */,
				6D646AD6213A9C0A00A10152 /* map_pin_red@3x.png in Resources */,
				6D646AE1213A9C0A00A10152 /* map_pin.png in Resources */,
				6D646ADA213A9C0A00A10152 /* map_pin_red.png in Resources */,
				6D646ACC213A9C0A00A10152 /* map_pinup_custom@3x.png in Resources */,
				6D646AD4213A9C0A00A10152 /* copyright.png in Resources */,
				6D646AD3213A9C0A00A10152 /* map_pin_shadow@3x.png in Resources */,
				6D9218CC213A927A00A24F22 /* LaunchScreen.storyboard in Resources */,
				6D646AD7213A9C0A00A10152 /* daum_copyright.png in Resources */,
				6D646ADB213A9C0A00A10152 /* info_box.png in Resources */,
				6D646AD1213A9C0A00A10152 /* map_pin_custom@3x.png in Resources */,
				6D6C4260214CD34E006B608D /* st.json in Resources */,
				6D0F1A67215E576800A23976 /* SearchResultViewController.xib in Resources */,
				6D646AE6213A9C0A00A10152 /* map_pin_shadow.png in Resources */,
				6D646AD9213A9C0A00A10152 /* map_present_tracking.png in Resources */,
				6D646AD0213A9C0A00A10152 /* detail_button.png in Resources */,
				6D646AE3213A9C0A00A10152 /* noimage.png in Resources */,
				6D646AD5213A9C0A00A10152 /* th_line.png in Resources */,
				6D646ADE213A9C0A00A10152 /* info_box_tail.png in Resources */,
				6D646ACD213A9C0A00A10152 /* map_pin_custom.png in Resources */,
				6D646ADD213A9C0A00A10152 /* map_pinup_custom.png in Resources */,
				6D0F1A61215B979600A23976 /* LocationSearchViewController.xib in Resources */,
				6D646AD2213A9C0A00A10152 /* map_pinup@3x.png in Resources */,
				6D646ADC213A9C0A00A10152 /* point_sprite.png in Resources */,
				6D646AE4213A9C0A00A10152 /* map_present_background_update.png in Resources */,
				6D646AE0213A9C0A00A10152 /* map_present_direction.png in Resources */,
				6D646ADF213A9C0A00A10152 /* noimage256.png in Resources */,
				6D646ACE213A9C0A00A10152 /* shadow_balloon.png in Resources */,
				6D9218C9213A927A00A24F22 /* Assets.xcassets in Resources */,
				6D9218C4213A927900A24F22 /* Main.storyboard in Resources */,
				6D36D78C21590DC700F57487 /* BottomViewController.xib in Resources */,
				6D646AE5213A9C0A00A10152 /* daum_th_line.png in Resources */,
				6D646ACF213A9C0A00A10152 /* map_pinup.png in Resources */,
			);
			runOnlyForDeploymentPostprocessing = 0;
		};
/* End PBXResourcesBuildPhase section */

/* Begin PBXShellScriptBuildPhase section */
		451A33A2F1658DD938D19B38 /* [CP] Check Pods Manifest.lock */ = {
			isa = PBXShellScriptBuildPhase;
			buildActionMask = 2147483647;
			files = (
			);
			inputPaths = (
				"${PODS_PODFILE_DIR_PATH}/Podfile.lock",
				"${PODS_ROOT}/Manifest.lock",
			);
			name = "[CP] Check Pods Manifest.lock";
			outputPaths = (
				"$(DERIVED_FILE_DIR)/Pods-daehung-checkManifestLockResult.txt",
			);
			runOnlyForDeploymentPostprocessing = 0;
			shellPath = /bin/sh;
			shellScript = "diff \"${PODS_PODFILE_DIR_PATH}/Podfile.lock\" \"${PODS_ROOT}/Manifest.lock\" > /dev/null\nif [ $? != 0 ] ; then\n    # print error to STDERR\n    echo \"error: The sandbox is not in sync with the Podfile.lock. Run 'pod install' or update your CocoaPods installation.\" >&2\n    exit 1\nfi\n# This output is used by Xcode 'outputs' to avoid re-running this script phase.\necho \"SUCCESS\" > \"${SCRIPT_OUTPUT_FILE_0}\"\n";
			showEnvVarsInLog = 0;
		};
		9DF3ECC0767A63313B56CFDE /* [CP] Copy Pods Resources */ = {
			isa = PBXShellScriptBuildPhase;
			buildActionMask = 2147483647;
			files = (
			);
			inputPaths = (
				"${SRCROOT}/Pods/Target Support Files/Pods-daehung/Pods-daehung-resources.sh",
				"${PODS_ROOT}/GoogleMaps/Maps/Frameworks/GoogleMaps.framework/Resources/GoogleMaps.bundle",
				"${PODS_ROOT}/GooglePlaces/Frameworks/GooglePlaces.framework/Resources/GooglePlaces.bundle",
			);
			name = "[CP] Copy Pods Resources";
			outputPaths = (
				"${TARGET_BUILD_DIR}/${UNLOCALIZED_RESOURCES_FOLDER_PATH}/GoogleMaps.bundle",
				"${TARGET_BUILD_DIR}/${UNLOCALIZED_RESOURCES_FOLDER_PATH}/GooglePlaces.bundle",
			);
			runOnlyForDeploymentPostprocessing = 0;
			shellPath = /bin/sh;
			shellScript = "\"${SRCROOT}/Pods/Target Support Files/Pods-daehung/Pods-daehung-resources.sh\"\n";
			showEnvVarsInLog = 0;
		};
		FB2F6C58D3EFD0757CB2CA9C /* [CP] Embed Pods Frameworks */ = {
			isa = PBXShellScriptBuildPhase;
			buildActionMask = 2147483647;
			files = (
			);
			inputPaths = (
				"${SRCROOT}/Pods/Target Support Files/Pods-daehung/Pods-daehung-frameworks.sh",
				"${BUILT_PRODUCTS_DIR}/Alamofire/Alamofire.framework",
				"${BUILT_PRODUCTS_DIR}/AlamofireObjectMapper/AlamofireObjectMapper.framework",
				"${BUILT_PRODUCTS_DIR}/ObjectMapper/ObjectMapper.framework",
				"${BUILT_PRODUCTS_DIR}/RxCocoa/RxCocoa.framework",
				"${BUILT_PRODUCTS_DIR}/RxSwift/RxSwift.framework",
				"${BUILT_PRODUCTS_DIR}/SideMenu/SideMenu.framework",
				"${BUILT_PRODUCTS_DIR}/SwiftyEventBus/SwiftyEventBus.framework",
				"${BUILT_PRODUCTS_DIR}/SwiftyJSON/SwiftyJSON.framework",
			);
			name = "[CP] Embed Pods Frameworks";
			outputPaths = (
				"${TARGET_BUILD_DIR}/${FRAMEWORKS_FOLDER_PATH}/Alamofire.framework",
				"${TARGET_BUILD_DIR}/${FRAMEWORKS_FOLDER_PATH}/AlamofireObjectMapper.framework",
				"${TARGET_BUILD_DIR}/${FRAMEWORKS_FOLDER_PATH}/ObjectMapper.framework",
				"${TARGET_BUILD_DIR}/${FRAMEWORKS_FOLDER_PATH}/RxCocoa.framework",
				"${TARGET_BUILD_DIR}/${FRAMEWORKS_FOLDER_PATH}/RxSwift.framework",
				"${TARGET_BUILD_DIR}/${FRAMEWORKS_FOLDER_PATH}/SideMenu.framework",
				"${TARGET_BUILD_DIR}/${FRAMEWORKS_FOLDER_PATH}/SwiftyEventBus.framework",
				"${TARGET_BUILD_DIR}/${FRAMEWORKS_FOLDER_PATH}/SwiftyJSON.framework",
			);
			runOnlyForDeploymentPostprocessing = 0;
			shellPath = /bin/sh;
			shellScript = "\"${SRCROOT}/Pods/Target Support Files/Pods-daehung/Pods-daehung-frameworks.sh\"\n";
			showEnvVarsInLog = 0;
		};
/* End PBXShellScriptBuildPhase section */

/* Begin PBXSourcesBuildPhase section */
		6D9218B7213A927900A24F22 /* Sources */ = {
			isa = PBXSourcesBuildPhase;
			buildActionMask = 2147483647;
			files = (
				6D0F1A63215D0AD200A23976 /* SearchViewController.swift in Sources */,
				6D36D78B21590DC700F57487 /* BottomViewController.swift in Sources */,
				6D9218C7213A927900A24F22 /* daehung.xcdatamodeld in Sources */,
				6D921978213A94AA00A24F22 /* DaumMapHeadrBring.m in Sources */,
				6D9218BF213A927900A24F22 /* AppDelegate.swift in Sources */,
				6D51F125214560C2009FB0E2 /* MainViewController.swift in Sources */,
				6D51F126214560C2009FB0E2 /* PresentedViewController.swift in Sources */,
				6D188181215B2A4D006791E9 /* FindDistrictUtil.swift in Sources */,
				6D0F1A66215E576800A23976 /* SearchResultViewController.swift in Sources */,
				6D0F1A60215B979600A23976 /* LocationSearchViewController.swift in Sources */,
				6D6AC4D32160B22000641E70 /* PseudoHeaderTableViewCell.swift in Sources */,
				6D51F127214560C2009FB0E2 /* SideMenuTableViewController.swift in Sources */,
				6D6AC4D52160B2F700641E70 /* CollapsibleTableViewVC.swift in Sources */,
			);
			runOnlyForDeploymentPostprocessing = 0;
		};
/* End PBXSourcesBuildPhase section */

/* Begin PBXVariantGroup section */
		6D9218C2213A927900A24F22 /* Main.storyboard */ = {
			isa = PBXVariantGroup;
			children = (
				6D9218C3213A927900A24F22 /* Base */,
			);
			name = Main.storyboard;
			sourceTree = "<group>";
		};
		6D9218CA213A927A00A24F22 /* LaunchScreen.storyboard */ = {
			isa = PBXVariantGroup;
			children = (
				6D9218CB213A927A00A24F22 /* Base */,
			);
			name = LaunchScreen.storyboard;
			sourceTree = "<group>";
		};
/* End PBXVariantGroup section */

/* Begin XCBuildConfiguration section */
		6D9218CE213A927A00A24F22 /* Debug */ = {
			isa = XCBuildConfiguration;
			buildSettings = {
				ALWAYS_SEARCH_USER_PATHS = NO;
				CLANG_ANALYZER_NONNULL = YES;
				CLANG_ANALYZER_NUMBER_OBJECT_CONVERSION = YES_AGGRESSIVE;
				CLANG_CXX_LANGUAGE_STANDARD = "gnu++14";
				CLANG_CXX_LIBRARY = "libc++";
				CLANG_ENABLE_MODULES = YES;
				CLANG_ENABLE_OBJC_ARC = NO;
				CLANG_ENABLE_OBJC_WEAK = YES;
				CLANG_WARN_BLOCK_CAPTURE_AUTORELEASING = YES;
				CLANG_WARN_BOOL_CONVERSION = YES;
				CLANG_WARN_COMMA = YES;
				CLANG_WARN_CONSTANT_CONVERSION = YES;
				CLANG_WARN_DEPRECATED_OBJC_IMPLEMENTATIONS = YES;
				CLANG_WARN_DIRECT_OBJC_ISA_USAGE = YES_ERROR;
				CLANG_WARN_DOCUMENTATION_COMMENTS = YES;
				CLANG_WARN_EMPTY_BODY = YES;
				CLANG_WARN_ENUM_CONVERSION = YES;
				CLANG_WARN_INFINITE_RECURSION = YES;
				CLANG_WARN_INT_CONVERSION = YES;
				CLANG_WARN_NON_LITERAL_NULL_CONVERSION = YES;
				CLANG_WARN_OBJC_IMPLICIT_RETAIN_SELF = YES;
				CLANG_WARN_OBJC_LITERAL_CONVERSION = YES;
				CLANG_WARN_OBJC_ROOT_CLASS = YES_ERROR;
				CLANG_WARN_RANGE_LOOP_ANALYSIS = YES;
				CLANG_WARN_STRICT_PROTOTYPES = YES;
				CLANG_WARN_SUSPICIOUS_MOVE = YES;
				CLANG_WARN_UNGUARDED_AVAILABILITY = YES_AGGRESSIVE;
				CLANG_WARN_UNREACHABLE_CODE = YES;
				CLANG_WARN__DUPLICATE_METHOD_MATCH = YES;
				CODE_SIGN_IDENTITY = "iPhone Developer";
				COPY_PHASE_STRIP = NO;
				DEBUG_INFORMATION_FORMAT = dwarf;
				ENABLE_BITCODE = YES;
				ENABLE_STRICT_OBJC_MSGSEND = YES;
				ENABLE_TESTABILITY = YES;
				GCC_C_LANGUAGE_STANDARD = gnu11;
				GCC_DYNAMIC_NO_PIC = NO;
				GCC_NO_COMMON_BLOCKS = YES;
				GCC_OPTIMIZATION_LEVEL = 0;
				GCC_PREPROCESSOR_DEFINITIONS = (
					"DEBUG=1",
					"$(inherited)",
				);
				GCC_WARN_64_TO_32_BIT_CONVERSION = YES;
				GCC_WARN_ABOUT_RETURN_TYPE = YES_ERROR;
				GCC_WARN_UNDECLARED_SELECTOR = YES;
				GCC_WARN_UNINITIALIZED_AUTOS = YES_AGGRESSIVE;
				GCC_WARN_UNUSED_FUNCTION = YES;
				GCC_WARN_UNUSED_VARIABLE = YES;
				IPHONEOS_DEPLOYMENT_TARGET = 10.0;
				MTL_ENABLE_DEBUG_INFO = YES;
				ONLY_ACTIVE_ARCH = YES;
				SDKROOT = iphoneos;
				SWIFT_ACTIVE_COMPILATION_CONDITIONS = DEBUG;
				SWIFT_OPTIMIZATION_LEVEL = "-Onone";
			};
			name = Debug;
		};
		6D9218CF213A927A00A24F22 /* Release */ = {
			isa = XCBuildConfiguration;
			buildSettings = {
				ALWAYS_SEARCH_USER_PATHS = NO;
				CLANG_ANALYZER_NONNULL = YES;
				CLANG_ANALYZER_NUMBER_OBJECT_CONVERSION = YES_AGGRESSIVE;
				CLANG_CXX_LANGUAGE_STANDARD = "gnu++14";
				CLANG_CXX_LIBRARY = "libc++";
				CLANG_ENABLE_MODULES = YES;
				CLANG_ENABLE_OBJC_ARC = NO;
				CLANG_ENABLE_OBJC_WEAK = YES;
				CLANG_WARN_BLOCK_CAPTURE_AUTORELEASING = YES;
				CLANG_WARN_BOOL_CONVERSION = YES;
				CLANG_WARN_COMMA = YES;
				CLANG_WARN_CONSTANT_CONVERSION = YES;
				CLANG_WARN_DEPRECATED_OBJC_IMPLEMENTATIONS = YES;
				CLANG_WARN_DIRECT_OBJC_ISA_USAGE = YES_ERROR;
				CLANG_WARN_DOCUMENTATION_COMMENTS = YES;
				CLANG_WARN_EMPTY_BODY = YES;
				CLANG_WARN_ENUM_CONVERSION = YES;
				CLANG_WARN_INFINITE_RECURSION = YES;
				CLANG_WARN_INT_CONVERSION = YES;
				CLANG_WARN_NON_LITERAL_NULL_CONVERSION = YES;
				CLANG_WARN_OBJC_IMPLICIT_RETAIN_SELF = YES;
				CLANG_WARN_OBJC_LITERAL_CONVERSION = YES;
				CLANG_WARN_OBJC_ROOT_CLASS = YES_ERROR;
				CLANG_WARN_RANGE_LOOP_ANALYSIS = YES;
				CLANG_WARN_STRICT_PROTOTYPES = YES;
				CLANG_WARN_SUSPICIOUS_MOVE = YES;
				CLANG_WARN_UNGUARDED_AVAILABILITY = YES_AGGRESSIVE;
				CLANG_WARN_UNREACHABLE_CODE = YES;
				CLANG_WARN__DUPLICATE_METHOD_MATCH = YES;
				CODE_SIGN_IDENTITY = "iPhone Developer";
				COPY_PHASE_STRIP = NO;
				DEBUG_INFORMATION_FORMAT = "dwarf-with-dsym";
				ENABLE_BITCODE = YES;
				ENABLE_NS_ASSERTIONS = NO;
				ENABLE_STRICT_OBJC_MSGSEND = YES;
				GCC_C_LANGUAGE_STANDARD = gnu11;
				GCC_NO_COMMON_BLOCKS = YES;
				GCC_WARN_64_TO_32_BIT_CONVERSION = YES;
				GCC_WARN_ABOUT_RETURN_TYPE = YES_ERROR;
				GCC_WARN_UNDECLARED_SELECTOR = YES;
				GCC_WARN_UNINITIALIZED_AUTOS = YES_AGGRESSIVE;
				GCC_WARN_UNUSED_FUNCTION = YES;
				GCC_WARN_UNUSED_VARIABLE = YES;
				IPHONEOS_DEPLOYMENT_TARGET = 10.0;
				MTL_ENABLE_DEBUG_INFO = NO;
				ONLY_ACTIVE_ARCH = YES;
				SDKROOT = iphoneos;
				SWIFT_COMPILATION_MODE = wholemodule;
				SWIFT_OPTIMIZATION_LEVEL = "-O";
				VALIDATE_PRODUCT = YES;
			};
			name = Release;
		};
		6D9218D1213A927A00A24F22 /* Debug */ = {
			isa = XCBuildConfiguration;
			baseConfigurationReference = BC740D8C0D9328E5E5872586 /* Pods-daehung.debug.xcconfig */;
			buildSettings = {
				ASSETCATALOG_COMPILER_APPICON_NAME = AppIcon;
				CLANG_ENABLE_MODULES = YES;
				CODE_SIGN_STYLE = Automatic;
				DEVELOPMENT_TEAM = HBL3QCLCPR;
				ENABLE_BITCODE = YES;
				ENABLE_TESTABILITY = NO;
				FRAMEWORK_SEARCH_PATHS = (
					"$(inherited)",
					"$(PROJECT_DIR)/DaumMap.embeddedframework",
				);
				INFOPLIST_FILE = daehung/Info.plist;
				IPHONEOS_DEPLOYMENT_TARGET = 10.0;
				LD_RUNPATH_SEARCH_PATHS = (
					"$(inherited)",
					"@executable_path/Frameworks",
				);
				ONLY_ACTIVE_ARCH = YES;
				PRODUCT_BUNDLE_IDENTIFIER = sanghyeon.org.daehung;
				PRODUCT_NAME = "$(TARGET_NAME)";
				SWIFT_OBJC_BRIDGING_HEADER = "daehung/daehung-Bridging-Header.h";
				SWIFT_OPTIMIZATION_LEVEL = "-Onone";
				SWIFT_VERSION = 4.0;
				TARGETED_DEVICE_FAMILY = 1;
			};
			name = Debug;
		};
		6D9218D2213A927A00A24F22 /* Release */ = {
			isa = XCBuildConfiguration;
			baseConfigurationReference = 8FD1900C4740B89B9C896289 /* Pods-daehung.release.xcconfig */;
			buildSettings = {
				ASSETCATALOG_COMPILER_APPICON_NAME = AppIcon;
				CLANG_ENABLE_MODULES = YES;
				CODE_SIGN_STYLE = Automatic;
				DEVELOPMENT_TEAM = HBL3QCLCPR;
				ENABLE_BITCODE = YES;
				ENABLE_TESTABILITY = NO;
				FRAMEWORK_SEARCH_PATHS = (
					"$(inherited)",
					"$(PROJECT_DIR)/DaumMap.embeddedframework",
				);
				INFOPLIST_FILE = daehung/Info.plist;
				IPHONEOS_DEPLOYMENT_TARGET = 10.0;
				LD_RUNPATH_SEARCH_PATHS = (
					"$(inherited)",
					"@executable_path/Frameworks",
				);
				ONLY_ACTIVE_ARCH = YES;
				PRODUCT_BUNDLE_IDENTIFIER = sanghyeon.org.daehung;
				PRODUCT_NAME = "$(TARGET_NAME)";
				SWIFT_OBJC_BRIDGING_HEADER = "daehung/daehung-Bridging-Header.h";
				SWIFT_VERSION = 4.0;
				TARGETED_DEVICE_FAMILY = 1;
			};
			name = Release;
		};
/* End XCBuildConfiguration section */

/* Begin XCConfigurationList section */
		6D9218B6213A927900A24F22 /* Build configuration list for PBXProject "daehung" */ = {
			isa = XCConfigurationList;
			buildConfigurations = (
				6D9218CE213A927A00A24F22 /* Debug */,
				6D9218CF213A927A00A24F22 /* Release */,
			);
			defaultConfigurationIsVisible = 0;
			defaultConfigurationName = Release;
		};
		6D9218D0213A927A00A24F22 /* Build configuration list for PBXNativeTarget "daehung" */ = {
			isa = XCConfigurationList;
			buildConfigurations = (
				6D9218D1213A927A00A24F22 /* Debug */,
				6D9218D2213A927A00A24F22 /* Release */,
			);
			defaultConfigurationIsVisible = 0;
			defaultConfigurationName = Release;
		};
/* End XCConfigurationList section */

/* Begin XCVersionGroup section */
		6D9218C5213A927900A24F22 /* daehung.xcdatamodeld */ = {
			isa = XCVersionGroup;
			children = (
				6D9218C6213A927900A24F22 /* daehung.xcdatamodel */,
			);
			currentVersion = 6D9218C6213A927900A24F22 /* daehung.xcdatamodel */;
			path = daehung.xcdatamodeld;
			sourceTree = "<group>";
			versionGroupType = wrapper.xcdatamodel;
		};
/* End XCVersionGroup section */
	};
	rootObject = 6D9218B3213A927900A24F22 /* Project object */;
}
